Microsoft Visual Studio Solution File, Format Version 12.00
# Visual Studio 2012
Project("{FAE04EC0-301F-11D3-BF4B-00C04F79EFBC}") = "Tetgd", "Tetgd.csproj", "{AFA06B9A-96FB-4E8D-8781-E33F15D9A8AB}"
EndProject
Global
	GlobalSection(SolutionConfigurationPlatforms) = preSolution
	Debug|Any CPU = Debug|Any CPU
	ExportDebug|Any CPU = ExportDebug|Any CPU
	ExportRelease|Any CPU = ExportRelease|Any CPU
	EndGlobalSection
	GlobalSection(ProjectConfigurationPlatforms) = postSolution
		{AFA06B9A-96FB-4E8D-8781-E33F15D9A8AB}.Debug|Any CPU.ActiveCfg = Debug|Any CPU
		{AFA06B9A-96FB-4E8D-8781-E33F15D9A8AB}.Debug|Any CPU.Build.0 = Debug|Any CPU
		{AFA06B9A-96FB-4E8D-8781-E33F15D9A8AB}.ExportDebug|Any CPU.ActiveCfg = ExportDebug|Any CPU
		{AFA06B9A-96FB-4E8D-8781-E33F15D9A8AB}.ExportDebug|Any CPU.Build.0 = ExportDebug|Any CPU
		{AFA06B9A-96FB-4E8D-8781-E33F15D9A8AB}.ExportRelease|Any CPU.ActiveCfg = ExportRelease|Any CPU
		{AFA06B9A-96FB-4E8D-8781-E33F15D9A8AB}.ExportRelease|Any CPU.Build.0 = ExportRelease|Any CPU
	EndGlobalSection
EndGlobal
